Microsoft Visual Studio Solution File, Format Version 12.00
# Visual Studio 14
VisualStudioVersion = 14.0.25123.0
MinimumVisualStudioVersion = 10.0.40219.1
Project("{8BC9CEB8-8B4A-11D0-8D11-00A0C91BC942}") = "ForumView_ENG", "ForumView_ENG\ForumView_ENG.vcxproj", "{FA7BAC6B-C588-3969-17CF-3F0AC79E55CC}"
EndProject
Project("{8BC9CEB8-8B4A-11D0-8D11-00A0C91BC942}") = "ForumView_RUS", "ForumView_RUS\ForumView_RUS.vcxproj", "{E68BC39E-5BBD-9514-2B28-71C68B8D8C39}"
EndProject
Project("{8BC9CEB8-8B4A-11D0-8D11-00A0C91BC942}") = "Forum3DView", "Forum3DView\Forum3DView.vcxproj", "{BB58A5D8-4D3C-024E-187A-D467D1FAABBF}"
	ProjectSection(ProjectDependencies) = postProject
		{E68BC39E-5BBD-9514-2B28-71C68B8D8C39} = {E68BC39E-5BBD-9514-2B28-71C68B8D8C39}
		{FA7BAC6B-C588-3969-17CF-3F0AC79E55CC} = {FA7BAC6B-C588-3969-17CF-3F0AC79E55CC}
	EndProjectSection
EndProject
Project("{8BC9CEB8-8B4A-11D0-8D11-00A0C91BC942}") = "OglIso", "OglIso\OglIso.vcxproj", "{68AC12E4-AFB9-3B28-CDD3-FC6D4B3CB265}"
	ProjectSection(ProjectDependencies) = postProject
		{BB58A5D8-4D3C-024E-187A-D467D1FAABBF} = {BB58A5D8-4D3C-024E-187A-D467D1FAABBF}
	EndProjectSection
EndProject
Project("{8BC9CEB8-8B4A-11D0-8D11-00A0C91BC942}") = "ScadViewer", "ScadViewer.vcxproj", "{257AF08D-B051-1DE5-F09D-B5525EC55024}"
	ProjectSection(ProjectDependencies) = postProject
		{BB58A5D8-4D3C-024E-187A-D467D1FAABBF} = {BB58A5D8-4D3C-024E-187A-D467D1FAABBF}
	EndProjectSection
EndProject
Global
	GlobalSection(SolutionConfigurationPlatforms) = preSolution
		Debug|Win32 = Debug|Win32
		Debug11|Win32 = Debug11|Win32
		Debug21|Win32 = Debug21|Win32
		Release|Win32 = Release|Win32
		Release11|Win32 = Release11|Win32
		Release11D|Win32 = Release11D|Win32
		Release21|Win32 = Release21|Win32
		Template|Win32 = Template|Win32
	EndGlobalSection
	GlobalSection(ProjectConfigurationPlatforms) = postSolution
		{FA7BAC6B-C588-3969-17CF-3F0AC79E55CC}.Debug|Win32.ActiveCfg = Debug|Win32
		{FA7BAC6B-C588-3969-17CF-3F0AC79E55CC}.Debug|Win32.Build.0 = Debug|Win32
		{FA7BAC6B-C588-3969-17CF-3F0AC79E55CC}.Debug11|Win32.ActiveCfg = Debug11|Win32
		{FA7BAC6B-C588-3969-17CF-3F0AC79E55CC}.Debug11|Win32.Build.0 = Debug11|Win32
		{FA7BAC6B-C588-3969-17CF-3F0AC79E55CC}.Debug21|Win32.ActiveCfg = Debug21|Win32
		{FA7BAC6B-C588-3969-17CF-3F0AC79E55CC}.Debug21|Win32.Build.0 = Debug21|Win32
		{FA7BAC6B-C588-3969-17CF-3F0AC79E55CC}.Release|Win32.ActiveCfg = Release|Win32
		{FA7BAC6B-C588-3969-17CF-3F0AC79E55CC}.Release|Win32.Build.0 = Release|Win32
		{FA7BAC6B-C588-3969-17CF-3F0AC79E55CC}.Release11|Win32.ActiveCfg = Release11|Win32
		{FA7BAC6B-C588-3969-17CF-3F0AC79E55CC}.Release11|Win32.Build.0 = Release11|Win32
		{FA7BAC6B-C588-3969-17CF-3F0AC79E55CC}.Release11D|Win32.ActiveCfg = Release11|Win32
		{FA7BAC6B-C588-3969-17CF-3F0AC79E55CC}.Release11D|Win32.Build.0 = Release11|Win32
		{FA7BAC6B-C588-3969-17CF-3F0AC79E55CC}.Release21|Win32.ActiveCfg = Release21|Win32
		{FA7BAC6B-C588-3969-17CF-3F0AC79E55CC}.Release21|Win32.Build.0 = Release21|Win32
		{FA7BAC6B-C588-3969-17CF-3F0AC79E55CC}.Template|Win32.ActiveCfg = Release|Win32
		{FA7BAC6B-C588-3969-17CF-3F0AC79E55CC}.Template|Win32.Build.0 = Release|Win32
		{E68BC39E-5BBD-9514-2B28-71C68B8D8C39}.Debug|Win32.ActiveCfg = Debug|Win32
		{E68BC39E-5BBD-9514-2B28-71C68B8D8C39}.Debug|Win32.Build.0 = Debug|Win32
		{E68BC39E-5BBD-9514-2B28-71C68B8D8C39}.Debug11|Win32.ActiveCfg = Debug11|Win32
		{E68BC39E-5BBD-9514-2B28-71C68B8D8C39}.Debug11|Win32.Build.0 = Debug11|Win32
		{E68BC39E-5BBD-9514-2B28-71C68B8D8C39}.Debug21|Win32.ActiveCfg = Debug21|Win32
		{E68BC39E-5BBD-9514-2B28-71C68B8D8C39}.Debug21|Win32.Build.0 = Debug21|Win32
		{E68BC39E-5BBD-9514-2B28-71C68B8D8C39}.Release|Win32.ActiveCfg = Release|Win32
		{E68BC39E-5BBD-9514-2B28-71C68B8D8C39}.Release|Win32.Build.0 = Release|Win32
		{E68BC39E-5BBD-9514-2B28-71C68B8D8C39}.Release11|Win32.ActiveCfg = Release11|Win32
		{E68BC39E-5BBD-9514-2B28-71C68B8D8C39}.Release11|Win32.Build.0 = Release11|Win32
		{E68BC39E-5BBD-9514-2B28-71C68B8D8C39}.Release11D|Win32.ActiveCfg = Release11|Win32
		{E68BC39E-5BBD-9514-2B28-71C68B8D8C39}.Release11D|Win32.Build.0 = Release11|Win32
		{E68BC39E-5BBD-9514-2B28-71C68B8D8C39}.Release21|Win32.ActiveCfg = Release21|Win32
		{E68BC39E-5BBD-9514-2B28-71C68B8D8C39}.Release21|Win32.Build.0 = Release21|Win32
		{E68BC39E-5BBD-9514-2B28-71C68B8D8C39}.Template|Win32.ActiveCfg = Release|Win32
		{E68BC39E-5BBD-9514-2B28-71C68B8D8C39}.Template|Win32.Build.0 = Release|Win32
		{BB58A5D8-4D3C-024E-187A-D467D1FAABBF}.Debug|Win32.ActiveCfg = Debug|Win32
		{BB58A5D8-4D3C-024E-187A-D467D1FAABBF}.Debug|Win32.Build.0 = Debug|Win32
		{BB58A5D8-4D3C-024E-187A-D467D1FAABBF}.Debug11|Win32.ActiveCfg = Debug11|Win32
		{BB58A5D8-4D3C-024E-187A-D467D1FAABBF}.Debug11|Win32.Build.0 = Debug11|Win32
		{BB58A5D8-4D3C-024E-187A-D467D1FAABBF}.Debug21|Win32.ActiveCfg = Debug21|Win32
		{BB58A5D8-4D3C-024E-187A-D467D1FAABBF}.Debug21|Win32.Build.0 = Debug21|Win32
		{BB58A5D8-4D3C-024E-187A-D467D1FAABBF}.Release|Win32.ActiveCfg = Release|Win32
		{BB58A5D8-4D3C-024E-187A-D467D1FAABBF}.Release|Win32.Build.0 = Release|Win32
		{BB58A5D8-4D3C-024E-187A-D467D1FAABBF}.Release11|Win32.ActiveCfg = Release11|Win32
		{BB58A5D8-4D3C-024E-187A-D467D1FAABBF}.Release11|Win32.Build.0 = Release11|Win32
		{BB58A5D8-4D3C-024E-187A-D467D1FAABBF}.Release11D|Win32.ActiveCfg = Release11D|Win32
		{BB58A5D8-4D3C-024E-187A-D467D1FAABBF}.Release11D|Win32.Build.0 = Release11D|Win32
		{BB58A5D8-4D3C-024E-187A-D467D1FAABBF}.Release21|Win32.ActiveCfg = Release21|Win32
		{BB58A5D8-4D3C-024E-187A-D467D1FAABBF}.Release21|Win32.Build.0 = Release21|Win32
		{BB58A5D8-4D3C-024E-187A-D467D1FAABBF}.Template|Win32.ActiveCfg = Template|Win32
		{BB58A5D8-4D3C-024E-187A-D467D1FAABBF}.Template|Win32.Build.0 = Template|Win32
		{68AC12E4-AFB9-3B28-CDD3-FC6D4B3CB265}.Debug|Win32.ActiveCfg = Debug|Win32
		{68AC12E4-AFB9-3B28-CDD3-FC6D4B3CB265}.Debug|Win32.Build.0 = Debug|Win32
		{68AC12E4-AFB9-3B28-CDD3-FC6D4B3CB265}.Debug11|Win32.ActiveCfg = Debug11|Win32
		{68AC12E4-AFB9-3B28-CDD3-FC6D4B3CB265}.Debug11|Win32.Build.0 = Debug11|Win32
		{68AC12E4-AFB9-3B28-CDD3-FC6D4B3CB265}.Debug21|Win32.ActiveCfg = Debug21|Win32
		{68AC12E4-AFB9-3B28-CDD3-FC6D4B3CB265}.Debug21|Win32.Build.0 = Debug21|Win32
		{68AC12E4-AFB9-3B28-CDD3-FC6D4B3CB265}.Release|Win32.ActiveCfg = Release|Win32
		{68AC12E4-AFB9-3B28-CDD3-FC6D4B3CB265}.Release|Win32.Build.0 = Release|Win32
		{68AC12E4-AFB9-3B28-CDD3-FC6D4B3CB265}.Release11|Win32.ActiveCfg = Release11|Win32
		{68AC12E4-AFB9-3B28-CDD3-FC6D4B3CB265}.Release11|Win32.Build.0 = Release11|Win32
		{68AC12E4-AFB9-3B28-CDD3-FC6D4B3CB265}.Release11D|Win32.ActiveCfg = Release11D|Win32
		{68AC12E4-AFB9-3B28-CDD3-FC6D4B3CB265}.Release11D|Win32.Build.0 = Release11D|Win32
		{68AC12E4-AFB9-3B28-CDD3-FC6D4B3CB265}.Release21|Win32.ActiveCfg = Release21|Win32
		{68AC12E4-AFB9-3B28-CDD3-FC6D4B3CB265}.Release21|Win32.Build.0 = Release21|Win32
		{68AC12E4-AFB9-3B28-CDD3-FC6D4B3CB265}.Template|Win32.ActiveCfg = Release|Win32
		{68AC12E4-AFB9-3B28-CDD3-FC6D4B3CB265}.Template|Win32.Build.0 = Release|Win32
		{257AF08D-B051-1DE5-F09D-B5525EC55024}.Debug|Win32.ActiveCfg = Debug|Win32
		{257AF08D-B051-1DE5-F09D-B5525EC55024}.Debug|Win32.Build.0 = Debug|Win32
		{257AF08D-B051-1DE5-F09D-B5525EC55024}.Debug11|Win32.ActiveCfg = Debug11|Win32
		{257AF08D-B051-1DE5-F09D-B5525EC55024}.Debug11|Win32.Build.0 = Debug11|Win32
		{257AF08D-B051-1DE5-F09D-B5525EC55024}.Debug21|Win32.ActiveCfg = Debug21|Win32
		{257AF08D-B051-1DE5-F09D-B5525EC55024}.Debug21|Win32.Build.0 = Debug21|Win32
		{257AF08D-B051-1DE5-F09D-B5525EC55024}.Release|Win32.ActiveCfg = Release|Win32
		{257AF08D-B051-1DE5-F09D-B5525EC55024}.Release|Win32.Build.0 = Release|Win32
		{257AF08D-B051-1DE5-F09D-B5525EC55024}.Release11|Win32.ActiveCfg = Release11|Win32
		{257AF08D-B051-1DE5-F09D-B5525EC55024}.Release11|Win32.Build.0 = Release11|Win32
		{257AF08D-B051-1DE5-F09D-B5525EC55024}.Release11D|Win32.ActiveCfg = Release11|Win32
		{257AF08D-B051-1DE5-F09D-B5525EC55024}.Release11D|Win32.Build.0 = Release11|Win32
		{257AF08D-B051-1DE5-F09D-B5525EC55024}.Release21|Win32.ActiveCfg = Release21|Win32
		{257AF08D-B051-1DE5-F09D-B5525EC55024}.Release21|Win32.Build.0 = Release21|Win32
		{257AF08D-B051-1DE5-F09D-B5525EC55024}.Template|Win32.ActiveCfg = Release|Win32
		{257AF08D-B051-1DE5-F09D-B5525EC55024}.Template|Win32.Build.0 = Release|Win32
	EndGlobalSection
	GlobalSection(SolutionProperties) = preSolution
		HideSolutionNode = FALSE
	EndGlobalSection
EndGlobal
