<?xml version="1.0" encoding="utf-8"?>
<Project ToolsVersion="4.0" xmlns="http://schemas.microsoft.com/developer/msbuild/2003">
  <ItemGroup>
    <ClCompile Include="CameraDialogBar.cpp">
      <Filter>Source Files</Filter>
    </ClCompile>
    <ClCompile Include="ColorButton.cpp">
      <Filter>Source Files</Filter>
    </ClCompile>
    <ClCompile Include="ColourPopup.cpp">
      <Filter>Source Files</Filter>
    </ClCompile>
    <ClCompile Include="Cutter.cpp">
      <Filter>Source Files</Filter>
    </ClCompile>
    <ClCompile Include="DelimDialog.cpp">
      <Filter>Source Files</Filter>
    </ClCompile>
    <ClCompile Include="DepthDialogBar.cpp">
      <Filter>Source Files</Filter>
    </ClCompile>
    <ClCompile Include="DibGlRenderer.cpp">
      <Filter>Source Files</Filter>
    </ClCompile>
    <ClCompile Include="DirChangeListener.cpp">
      <Filter>Source Files</Filter>
    </ClCompile>
    <ClCompile Include="DockFolderWnd.cpp">
      <Filter>Source Files</Filter>
    </ClCompile>
    <ClCompile Include="ExportDXF.cpp">
      <Filter>Source Files</Filter>
    </ClCompile>
    <ClCompile Include="FileProc.cpp">
      <Filter>Source Files</Filter>
    </ClCompile>
    <ClCompile Include="FolderListCtrl.cpp">
      <Filter>Source Files</Filter>
    </ClCompile>
    <ClCompile Include="FolderTreeDockingWnd.cpp">
      <Filter>Source Files</Filter>
    </ClCompile>
    <ClCompile Include="Forum3DView.cpp">
      <Filter>Source Files</Filter>
    </ClCompile>
    <ClCompile Include="ForumViewGeometry.cpp">
      <Filter>Source Files</Filter>
    </ClCompile>
    <ClCompile Include="GLDraw.cpp">
      <Filter>Source Files</Filter>
    </ClCompile>
    <ClCompile Include="GridSrc\GridCell.cpp">
      <Filter>Source Files</Filter>
    </ClCompile>
    <ClCompile Include="MainScadViewerFrame.cpp">
      <Filter>Source Files</Filter>
    </ClCompile>
    <ClCompile Include="MouseManipulatorWnd.cpp">
      <Filter>Source Files</Filter>
    </ClCompile>
    <ClCompile Include="NumEdit.cpp">
      <Filter>Source Files</Filter>
    </ClCompile>
    <ClCompile Include="OptionsGeneral.cpp">
      <Filter>Source Files</Filter>
    </ClCompile>
    <ClCompile Include="OptionsMaterial.cpp">
      <Filter>Source Files</Filter>
    </ClCompile>
    <ClCompile Include="OptionsRtf.cpp">
      <Filter>Source Files</Filter>
    </ClCompile>
    <ClCompile Include="GridSrc\GridCellBase.cpp">
      <Filter>Source Files</Filter>
    </ClCompile>
    <ClCompile Include="GridSrc\GridCellCheck.cpp">
      <Filter>Source Files</Filter>
    </ClCompile>
    <ClCompile Include="GridSrc\GridDropTarget.cpp">
      <Filter>Source Files</Filter>
    </ClCompile>
    <ClCompile Include="GLRenderer.cpp">
      <Filter>Source Files</Filter>
    </ClCompile>
    <ClCompile Include="HSV2RGB.cpp">
      <Filter>Source Files</Filter>
    </ClCompile>
    <ClCompile Include="IsoViewerFrame.cpp">
      <Filter>Source Files</Filter>
    </ClCompile>
    <ClCompile Include="IsoViewGeometry.cpp">
      <Filter>Source Files</Filter>
    </ClCompile>
    <ClCompile Include="GridSrc\InPlaceEdit.cpp">
      <Filter>Source Files</Filter>
    </ClCompile>
    <ClCompile Include="Renderer.cpp">
      <Filter>Source Files</Filter>
    </ClCompile>
    <ClCompile Include="ResultsDialogBar.cpp">
      <Filter>Source Files</Filter>
    </ClCompile>
    <ClCompile Include="ResultsDlg.cpp">
      <Filter>Source Files</Filter>
    </ClCompile>
    <ClCompile Include="SCAD3DMdlSettings.cpp">
      <Filter>Source Files</Filter>
    </ClCompile>
    <ClCompile Include="SCADFolderTreeCtrl.cxx">
      <Filter>Source Files</Filter>
    </ClCompile>
    <ClCompile Include="SCADTwoPartBtn.cxx">
      <Filter>Source Files</Filter>
    </ClCompile>
    <ClCompile Include="SCADDefProj.cpp">
      <Filter>Source Files</Filter>
    </ClCompile>
    <ClCompile Include="ScadViewerDoc.cpp">
      <Filter>Source Files</Filter>
    </ClCompile>
    <ClCompile Include="SCADViewerStatBar.cpp">
      <Filter>Source Files</Filter>
    </ClCompile>
    <ClCompile Include="ScadViewerFrm.cpp">
      <Filter>Source Files</Filter>
    </ClCompile>
    <ClCompile Include="ScadViewerView.cpp">
      <Filter>Source Files</Filter>
    </ClCompile>
    <ClCompile Include="SettingManager.cpp">
      <Filter>Source Files</Filter>
    </ClCompile>
    <ClCompile Include="SvGluTesselator.cpp">
      <Filter>Source Files</Filter>
    </ClCompile>
    <ClCompile Include="ScalePane.cpp">
      <Filter>Source Files</Filter>
    </ClCompile>
    <ClCompile Include="Rotate.cpp">
      <Filter>Source Files</Filter>
    </ClCompile>
    <ClCompile Include="StdAfx.cpp">
      <Filter>Header Files</Filter>
    </ClCompile>
    <ClCompile Include="ViewLib.cpp">
      <Filter>Source Files</Filter>
    </ClCompile>
    <ClCompile Include="ViewGeometry.cpp">
      <Filter>Source Files</Filter>
    </ClCompile>
    <ClCompile Include="ViewerOptions.cpp">
      <Filter>Source Files</Filter>
    </ClCompile>
    <ClCompile Include="View3DBox.cpp">
      <Filter>Source Files</Filter>
    </ClCompile>
    <ClCompile Include="ThumbCashe.cpp">
      <Filter>Source Files</Filter>
    </ClCompile>
    <ClCompile Include="BmpSaveDlg.cpp">
      <Filter>Source Files</Filter>
    </ClCompile>
    <ClCompile Include="GridSrc\GridCtrl.cpp">
      <Filter>Source Files</Filter>
    </ClCompile>
    <ClCompile Include="GridSrc\TitleTip.cpp">
      <Filter>Source Files</Filter>
    </ClCompile>
  </ItemGroup>
  <ItemGroup>
    <ClInclude Include="3DIso.hpp">
      <Filter>Header Files</Filter>
    </ClInclude>
    <ClInclude Include="3DVector.h">
      <Filter>Header Files</Filter>
    </ClInclude>
    <ClInclude Include="ADDZIP.H">
      <Filter>Header Files</Filter>
    </ClInclude>
    <ClInclude Include="BmpSaveDlg.h">
      <Filter>Header Files</Filter>
    </ClInclude>
    <ClInclude Include="CameraDialogBar.h">
      <Filter>Header Files</Filter>
    </ClInclude>
    <ClInclude Include="GridSrc\CellRange.h">
      <Filter>Header Files</Filter>
    </ClInclude>
    <ClInclude Include="ColorButton.h">
      <Filter>Header Files</Filter>
    </ClInclude>
    <ClInclude Include="Cutter.h">
      <Filter>Header Files</Filter>
    </ClInclude>
    <ClInclude Include="DelimDialog.h">
      <Filter>Header Files</Filter>
    </ClInclude>
    <ClInclude Include="DepthDialogBar.h">
      <Filter>Header Files</Filter>
    </ClInclude>
    <ClInclude Include="DetViewOpts.h">
      <Filter>Header Files</Filter>
    </ClInclude>
    <ClInclude Include="DibGlRenderer.h">
      <Filter>Header Files</Filter>
    </ClInclude>
    <ClInclude Include="DirChangeListener.h">
      <Filter>Header Files</Filter>
    </ClInclude>
    <ClInclude Include="DockFolderWnd.h">
      <Filter>Header Files</Filter>
    </ClInclude>
    <ClInclude Include="ExportDXF.h">
      <Filter>Header Files</Filter>
    </ClInclude>
    <ClInclude Include="FileProc.h">
      <Filter>Header Files</Filter>
    </ClInclude>
    <ClInclude Include="FolderListCtrl.h">
      <Filter>Header Files</Filter>
    </ClInclude>
    <ClInclude Include="FolderTreeDockingWnd.h">
      <Filter>Header Files</Filter>
    </ClInclude>
    <ClInclude Include="Forum3DView.h">
      <Filter>Header Files</Filter>
    </ClInclude>
    <ClInclude Include="ForumViewGeometry.h">
      <Filter>Header Files</Filter>
    </ClInclude>
    <ClInclude Include="GLDraw.h">
      <Filter>Header Files</Filter>
    </ClInclude>
    <ClInclude Include="GridSrc\GridCell.h">
      <Filter>Header Files</Filter>
    </ClInclude>
    <ClInclude Include="GridSrc\GridCellBase.h">
      <Filter>Header Files</Filter>
    </ClInclude>
    <ClInclude Include="GridSrc\GridCellCheck.h">
      <Filter>Header Files</Filter>
    </ClInclude>
    <ClInclude Include="GridSrc\GridDropTarget.h">
      <Filter>Header Files</Filter>
    </ClInclude>
    <ClInclude Include="GridSrc\GridCtrl.h">
      <Filter>Header Files</Filter>
    </ClInclude>
    <ClInclude Include="HSV2RGB.h">
      <Filter>Header Files</Filter>
    </ClInclude>
    <ClInclude Include="GridSrc\InPlaceEdit.h">
      <Filter>Header Files</Filter>
    </ClInclude>
    <ClInclude Include="IsoViewerFrame.h">
      <Filter>Header Files</Filter>
    </ClInclude>
    <ClInclude Include="IsoViewGeometry.h">
      <Filter>Header Files</Filter>
    </ClInclude>
    <ClInclude Include="MainScadViewerFrame.h">
      <Filter>Header Files</Filter>
    </ClInclude>
    <ClInclude Include="GridSrc\MemDC.h">
      <Filter>Header Files</Filter>
    </ClInclude>
    <ClInclude Include="model.h">
      <Filter>Header Files</Filter>
    </ClInclude>
    <ClInclude Include="MouseManipulatorWnd.h">
      <Filter>Header Files</Filter>
    </ClInclude>
    <ClInclude Include="NumEdit.h">
      <Filter>Header Files</Filter>
    </ClInclude>
    <ClInclude Include="OptionsGeneral.h">
      <Filter>Header Files</Filter>
    </ClInclude>
    <ClInclude Include="OptionsRtf.h">
      <Filter>Header Files</Filter>
    </ClInclude>
    <ClInclude Include="OptionsMaterial.h">
      <Filter>Header Files</Filter>
    </ClInclude>
    <ClInclude Include="Resource.h">
      <Filter>Header Files</Filter>
    </ClInclude>
    <ClInclude Include="Renderer.h">
      <Filter>Header Files</Filter>
    </ClInclude>
    <ClInclude Include="gpc.h">
      <Filter>Header Files</Filter>
    </ClInclude>
    <ClInclude Include="GLRenderer.h">
      <Filter>Header Files</Filter>
    </ClInclude>
    <ClInclude Include="ResultsDialogBar.h">
      <Filter>Header Files</Filter>
    </ClInclude>
    <ClInclude Include="ResultsDlg.h">
      <Filter>Header Files</Filter>
    </ClInclude>
    <ClInclude Include="Rotate.h">
      <Filter>Header Files</Filter>
    </ClInclude>
    <ClInclude Include="SC3DPoint.h">
      <Filter>Header Files</Filter>
    </ClInclude>
    <ClInclude Include="SCAD3DMdlSettings.h">
      <Filter>Header Files</Filter>
    </ClInclude>
    <ClInclude Include="SCADDefProj.h">
      <Filter>Header Files</Filter>
    </ClInclude>
    <ClInclude Include="SCADFolderTreeCtrl.hxx">
      <Filter>Header Files</Filter>
    </ClInclude>
    <ClInclude Include="SCADTwoPartBtn.hxx">
      <Filter>Header Files</Filter>
    </ClInclude>
    <ClInclude Include="ScadViewerDoc.h">
      <Filter>Header Files</Filter>
    </ClInclude>
    <ClInclude Include="ScadViewerFrm.h">
      <Filter>Header Files</Filter>
    </ClInclude>
    <ClInclude Include="SCADViewerStatBar.h">
      <Filter>Header Files</Filter>
    </ClInclude>
    <ClInclude Include="ScadViewerView.h">
      <Filter>Header Files</Filter>
    </ClInclude>
    <ClInclude Include="ScalePane.h">
      <Filter>Header Files</Filter>
    </ClInclude>
    <ClInclude Include="SettingManager.h">
      <Filter>Header Files</Filter>
    </ClInclude>
    <ClInclude Include="StdAfx.h">
      <Filter>Header Files</Filter>
    </ClInclude>
    <ClInclude Include="SvTesselator.h">
      <Filter>Header Files</Filter>
    </ClInclude>
    <ClInclude Include="SvTypes.h">
      <Filter>Header Files</Filter>
    </ClInclude>
    <ClInclude Include="ThumbCashe.h">
      <Filter>Header Files</Filter>
    </ClInclude>
    <ClInclude Include="GridSrc\TitleTip.h">
      <Filter>Header Files</Filter>
    </ClInclude>
    <ClInclude Include="View3DBox.h">
      <Filter>Header Files</Filter>
    </ClInclude>
    <ClInclude Include="ViewerOptions.h">
      <Filter>Header Files</Filter>
    </ClInclude>
    <ClInclude Include="ViewGeometry.h">
      <Filter>Header Files</Filter>
    </ClInclude>
    <ClInclude Include="ViewLib.h">
      <Filter>Header Files</Filter>
    </ClInclude>
    <ClInclude Include="SvGluTesselator.h">
      <Filter>Header Files</Filter>
    </ClInclude>
    <ClInclude Include="DefProjType.h">
      <Filter>Header Files</Filter>
    </ClInclude>
    <ClInclude Include="ColourPopup.h">
      <Filter>Header Files</Filter>
    </ClInclude>
  </ItemGroup>
  <ItemGroup>
    <None Include="res\bitmap1.bmp">
      <Filter>Resource Files</Filter>
    </None>
    <None Include="res\cold.bmp">
      <Filter>Resource Files</Filter>
    </None>
    <None Include="res\Cut.cur">
      <Filter>Resource Files</Filter>
    </None>
    <None Include="res\CutToolbar.bmp">
      <Filter>Resource Files</Filter>
    </None>
    <None Include="res\dnarrow.bmp">
      <Filter>Resource Files</Filter>
    </None>
    <None Include="res\Forum3DView.rc2">
      <Filter>Resource Files</Filter>
    </None>
    <None Include="res\ForumView.ico">
      <Filter>Resource Files</Filter>
    </None>
    <None Include="res\gray.bmp">
      <Filter>Resource Files</Filter>
    </None>
    <None Include="res\hot.bmp">
      <Filter>Resource Files</Filter>
    </None>
    <None Include="res\hot.ico">
      <Filter>Resource Files</Filter>
    </None>
    <None Include="res\icon1.ico">
      <Filter>Resource Files</Filter>
    </None>
    <None Include="res\InvCut.cur">
      <Filter>Resource Files</Filter>
    </None>
    <None Include="res\LookAround.CUR">
      <Filter>Resource Files</Filter>
    </None>
    <None Include="res\main_too.bmp">
      <Filter>Resource Files</Filter>
    </None>
    <None Include="res\Pan.cur">
      <Filter>Resource Files</Filter>
    </None>
    <None Include="res\results_.bmp">
      <Filter>Resource Files</Filter>
    </None>
    <None Include="res\ScadViewer.ico">
      <Filter>Resource Files</Filter>
    </None>
    <None Include="res\ScadViewerDoc.ico">
      <Filter>Resource Files</Filter>
    </None>
    <None Include="res\Select.cur">
      <Filter>Resource Files</Filter>
    </None>
    <None Include="res\Toolbar.bmp">
      <Filter>Resource Files</Filter>
    </None>
    <None Include="res\uniform.bmp">
      <Filter>Resource Files</Filter>
    </None>
    <None Include="res\uparrow.bmp">
      <Filter>Resource Files</Filter>
    </None>
    <None Include="res\WALK.CUR">
      <Filter>Resource Files</Filter>
    </None>
    <None Include="res\ZoomInOut.cur">
      <Filter>Resource Files</Filter>
    </None>
    <None Include="res\Zoom.cur">
      <Filter>Resource Files</Filter>
    </None>
    <None Include="res\Rotate.cur">
      <Filter>Resource Files</Filter>
    </None>
    <None Include="res\ThumbProp.bmp">
      <Filter>Resource Files</Filter>
    </None>
  </ItemGroup>
  <ItemGroup>
    <Filter Include="Source Files">
      <UniqueIdentifier>{c1774dc3-6a27-46eb-a32c-8495ffe237ef}</UniqueIdentifier>
      <Extensions>cpp;c;cc;cxx;def;odl;idl;hpj;bat;asm;asmx</Extensions>
    </Filter>
    <Filter Include="Header Files">
      <UniqueIdentifier>{67b71c32-60a6-4fe1-b797-75f767cb2e2d}</UniqueIdentifier>
      <Extensions>h;hh;hpp;hxx;hm;inl;inc;xsd</Extensions>
    </Filter>
    <Filter Include="Resource Files">
      <UniqueIdentifier>{95a0399e-e82f-4e64-90b8-2cec55c63706}</UniqueIdentifier>
    </Filter>
  </ItemGroup>
  <ItemGroup>
    <ResourceCompile Include="Forum3DView.rc">
      <Filter>Resource Files</Filter>
    </ResourceCompile>
  </ItemGroup>
</Project>